
Microsoft Visual Studio Solution File, Format Version 12.00
# Visual Studio Version 16
VisualStudioVersion = 16.0.30413.136
MinimumVisualStudioVersion = 10.0.40219.1
Project("{FAE04EC0-301F-11D3-BF4B-00C04F79EFBC}") = "FinalProject", "FinalProject.csproj", "{BD6FC72B-DE03-4313-B58B-2BC7DCD089D8}"
EndProject
Project("{9A19103F-16F7-4668-BE54-9A1E7A4F7556}") = "GameEngine", "..\GameEngine\GameEngine.csproj", "{995EE70D-3730-4D6A-9B91-DAFD22A62595}"
EndProject
Global
	GlobalSection(SolutionConfigurationPlatforms) = preSolution
		Debug|Any CPU = Debug|Any CPU
		Release|Any CPU = Release|Any CPU
	EndGlobalSection
	GlobalSection(ProjectConfigurationPlatforms) = postSolution
		{BD6FC72B-DE03-4313-B58B-2BC7DCD089D8}.Debug|Any CPU.ActiveCfg = Debug|Any CPU
		{BD6FC72B-DE03-4313-B58B-2BC7DCD089D8}.Debug|Any CPU.Build.0 = Debug|Any CPU
		{BD6FC72B-DE03-4313-B58B-2BC7DCD089D8}.Release|Any CPU.ActiveCfg = Release|Any CPU
		{BD6FC72B-DE03-4313-B58B-2BC7DCD089D8}.Release|Any CPU.Build.0 = Release|Any CPU
		{995EE70D-3730-4D6A-9B91-DAFD22A62595}.Debug|Any CPU.ActiveCfg = Debug|Any CPU
		{995EE70D-3730-4D6A-9B91-DAFD22A62595}.Debug|Any CPU.Build.0 = Debug|Any CPU
		{995EE70D-3730-4D6A-9B91-DAFD22A62595}.Release|Any CPU.ActiveCfg = Release|Any CPU
		{995EE70D-3730-4D6A-9B91-DAFD22A62595}.Release|Any CPU.Build.0 = Release|Any CPU
	EndGlobalSection
	GlobalSection(SolutionProperties) = preSolution
		HideSolutionNode = FALSE
	EndGlobalSection
	GlobalSection(ExtensibilityGlobals) = postSolution
		SolutionGuid = {3E9C7447-0329-4207-8F23-C84D5CE62758}
	EndGlobalSection
EndGlobal
